{
  "version": 4,
  "terraform_version": "0.13.5",
  "serial": 34,
  "lineage": "bf88ab50-85cf-7ad4-367f-5c262fbc84ec",
  "outputs": {
    "instance_ip": {
      "value": "192.168.123.118",
      "type": "string"
    },
    "netwrk": {
      "value": [
        "c6e9a00f-d439-4d7c-83cf-930a45cde1f2",
        "5d598fea-70c6-46c2-bedb-9fad50929c1f"
      ],
      "type": [
        "tuple",
        [
          "string",
          "string"
        ]
      ]
    },
    "terraorm-provide": {
      "value": "Connect with openstack auth",
      "type": "string"
    },
    "volumes": {
      "value": [],
      "type": [
        "tuple",
        []
      ]
    }
  },
  "resources": [
    {
      "mode": "managed",
      "type": "openstack_compute_instance_v2",
      "name": "Instance",
      "provider": "provider[\"registry.terraform.io/terraform-provider-openstack/openstack\"]",
      "instances": [
        {
          "schema_version": 0,
          "attributes": {
            "access_ip_v4": "192.168.123.118",
            "access_ip_v6": "",
            "admin_pass": null,
            "all_metadata": {},
            "all_tags": [],
            "availability_zone": "nova",
            "availability_zone_hints": null,
            "block_device": [
              {
                "boot_index": 0,
                "delete_on_termination": true,
                "destination_type": "local",
                "device_type": "",
                "disk_bus": "",
                "guest_format": "",
                "source_type": "image",
                "uuid": "c2e4639f-e09f-44e5-81c5-d02c10e1a827",
                "volume_size": 0,
                "volume_type": ""
              }
            ],
            "config_drive": null,
            "flavor_id": "340a6e45-d635-4c2e-b916-1c6724afa308",
            "flavor_name": "m1.medium",
            "floating_ip": null,
            "force_delete": false,
            "id": "5dbc72c7-4b18-42de-97ac-85f69ee9573c",
            "image_id": "c2e4639f-e09f-44e5-81c5-d02c10e1a827",
            "image_name": "cirros",
            "key_pair": "ahmed",
            "metadata": null,
            "name": "asad",
            "network": [
              {
                "access_network": false,
                "fixed_ip_v4": "192.168.123.118",
                "fixed_ip_v6": "",
                "floating_ip": "",
                "mac": "fa:16:3e:0e:da:ac",
                "name": "net_test",
                "port": "",
                "uuid": "c6e9a00f-d439-4d7c-83cf-930a45cde1f2"
              },
              {
                "access_network": false,
                "fixed_ip_v4": "124.124.123.112",
                "fixed_ip_v6": "",
                "floating_ip": "",
                "mac": "fa:16:3e:46:12:b6",
                "name": "net-int",
                "port": "",
                "uuid": "5d598fea-70c6-46c2-bedb-9fad50929c1f"
              }
            ],
            "network_mode": null,
            "personality": [],
            "power_state": "active",
            "region": "regionOne",
            "scheduler_hints": [],
            "security_groups": [
              "default",
              "test-asad"
            ],
            "stop_before_destroy": false,
            "tags": null,
            "timeouts": null,
            "user_data": "da39a3ee5e6b4b0d3255bfef95601890afd80709",
            "vendor_options": [],
            "volume": []
          },
          "private": "eyJlMmJmYjczMC1lY2FhLTExZTYtOGY4OC0zNDM2M2JjN2M0YzAiOnsiY3JlYXRlIjoxODAwMDAwMDAwMDAwLCJkZWxldGUiOjE4MDAwMDAwMDAwMDAsInVwZGF0ZSI6MTgwMDAwMDAwMDAwMH19"
        }
      ]
    }
  ]
}
